
Microsoft Visual Studio Solution File, Format Version 12.00
# Visual Studio Version 17
VisualStudioVersion = 17.5.002.0
MinimumVisualStudioVersion = 10.0.40219.1
Project("{2150E333-8FDC-42A3-9474-1A3956D46DE8}") = "src", "src", "{82FF05CA-15C9-44B7-A3F1-99E63977DCB9}"
EndProject
Project("{9A19103F-16F7-4668-BE54-9A1E7A4F7556}") = "RocketJump", "src\RocketJump\RocketJump.csproj", "{EB31DB95-74BD-43AF-9322-1AAD06DF830A}"
EndProject
Global
	GlobalSection(SolutionConfigurationPlatforms) = preSolution
		Debug|Any CPU = Debug|Any CPU
		Release|Any CPU = Release|Any CPU
	EndGlobalSection
	GlobalSection(ProjectConfigurationPlatforms) = postSolution
		{EB31DB95-74BD-43AF-9322-1AAD06DF830A}.Debug|Any CPU.ActiveCfg = Debug|Any CPU
		{EB31DB95-74BD-43AF-9322-1AAD06DF830A}.Debug|Any CPU.Build.0 = Debug|Any CPU
		{EB31DB95-74BD-43AF-9322-1AAD06DF830A}.Release|Any CPU.ActiveCfg = Release|Any CPU
		{EB31DB95-74BD-43AF-9322-1AAD06DF830A}.Release|Any CPU.Build.0 = Release|Any CPU
	EndGlobalSection
	GlobalSection(SolutionProperties) = preSolution
		HideSolutionNode = FALSE
	EndGlobalSection
	GlobalSection(NestedProjects) = preSolution
		{EB31DB95-74BD-43AF-9322-1AAD06DF830A} = {82FF05CA-15C9-44B7-A3F1-99E63977DCB9}
	EndGlobalSection
	GlobalSection(ExtensibilityGlobals) = postSolution
		SolutionGuid = {92F6D475-68F0-44D6-A1AF-A28F5948E381}
	EndGlobalSection
EndGlobal
